<?xml version="1.0" encoding="utf-8"?>
<Project ToolsVersion="16.0" xmlns="http://schemas.microsoft.com/developer/msbuild/2003">
  <ItemGroup>
    <ClCompile Include="C:\plms\galanthus\mark2haru\src\font_context.cpp">
      <Filter>Source Files</Filter>
    </ClCompile>
    <ClCompile Include="C:\plms\galanthus\mark2haru\src\markdown.cpp">
      <Filter>Source Files</Filter>
    </ClCompile>
    <ClCompile Include="C:\plms\galanthus\mark2haru\src\pdf_writer.cpp">
      <Filter>Source Files</Filter>
    </ClCompile>
    <ClCompile Include="C:\plms\galanthus\mark2haru\src\png_image.cpp">
      <Filter>Source Files</Filter>
    </ClCompile>
    <ClCompile Include="C:\plms\galanthus\mark2haru\src\render.cpp">
      <Filter>Source Files</Filter>
    </ClCompile>
    <ClCompile Include="C:\plms\galanthus\mark2haru\src\ttf_font.cpp">
      <Filter>Source Files</Filter>
    </ClCompile>
    <ClCompile Include="C:\plms\galanthus\mark2haru\third_party\miniz\miniz.c">
      <Filter>Source Files</Filter>
    </ClCompile>
    <ClCompile Include="C:\plms\galanthus\mark2haru\third_party\miniz\miniz_tdef.c">
      <Filter>Source Files</Filter>
    </ClCompile>
    <ClCompile Include="C:\plms\galanthus\mark2haru\third_party\miniz\miniz_tinfl.c">
      <Filter>Source Files</Filter>
    </ClCompile>
  </ItemGroup>
  <ItemGroup>
    <CustomBuild Include="C:\plms\galanthus\mark2haru\CMakeLists.txt" />
  </ItemGroup>
  <ItemGroup>
    <Filter Include="Source Files">
      <UniqueIdentifier>{A0A5A424-5113-37E3-A30F-5281D997C698}</UniqueIdentifier>
    </Filter>
  </ItemGroup>
</Project>
