<?xml version="1.0" encoding="utf-8"?>
<Project ToolsVersion="16.0" xmlns="http://schemas.microsoft.com/developer/msbuild/2003">
  <ItemGroup>
    <CustomBuild Include="C:\plms\galanthus\mark2haru\build-vs-cleanup\CMakeFiles\1310691d2c1a4ba5080e7943c70933df\RUN_TESTS_force.rule">
      <Filter>CMake Rules</Filter>
    </CustomBuild>
  </ItemGroup>
  <ItemGroup>
    <Filter Include="CMake Rules">
      <UniqueIdentifier>{2846F8D9-14A0-3D94-96AF-BD3482166AC7}</UniqueIdentifier>
    </Filter>
  </ItemGroup>
</Project>
